GIT
  remote: git://github.com/kirs/will_paginate.git
  revision: 6bfa7482782c527e6181adc1de0607d5b4730c09
  branch: fix/i18n-path
  specs:
    will_paginate (3.0.4)

GIT
  remote: git://github.com/mileszs/wicked_pdf.git
  revision: d77ed4752ec093e098c3997e21b3bf538e272b3b
  specs:
    wicked_pdf (1.0.3)

GIT
  remote: git://github.com/rack/rack.git
  revision: 7ba4ad9f7c9a4b507398cbdb0d8425cfe7ef7c69
  specs:
    rack (2.0.0.alpha)
      json

GIT
  remote: git://github.com/rails/arel.git
  revision: 63ea665c8083f8069a0d05d4f15cf19e08e470a6
  specs:
    arel (7.0.0)

GIT
  remote: git://github.com/rails/rails.git
  revision: 755f7b58953c25790eea0574ff8928033ded2d88
  specs:
    actioncable (5.0.0.beta1.1)
      actionpack (= 5.0.0.beta1.1)
      coffee-rails (~> 4.1.0)
      nio4r (~> 1.2)
      websocket-driver (~> 0.6.1)
    actionmailer (5.0.0.beta1.1)
      actionpack (= 5.0.0.beta1.1)
      actionview (= 5.0.0.beta1.1)
      activejob (= 5.0.0.beta1.1)
      mail (~> 2.5, >= 2.5.4)
      rails-dom-testing (~> 1.0, >= 1.0.5)
    actionpack (5.0.0.beta1.1)
      actionview (= 5.0.0.beta1.1)
      activesupport (= 5.0.0.beta1.1)
      rack (~> 2.x)
      rack-test (~> 0.6.3)
      rails-dom-testing (~> 1.0, >= 1.0.5)
      rails-html-sanitizer (~> 1.0, >= 1.0.2)
    actionview (5.0.0.beta1.1)
      activesupport (= 5.0.0.beta1.1)
      builder (~> 3.1)
      erubis (~> 2.7.0)
      rails-dom-testing (~> 1.0, >= 1.0.5)
      rails-html-sanitizer (~> 1.0, >= 1.0.2)
    activejob (5.0.0.beta1.1)
      activesupport (= 5.0.0.beta1.1)
      globalid (>= 0.3.6)
    activemodel (5.0.0.beta1.1)
      activesupport (= 5.0.0.beta1.1)
    activerecord (5.0.0.beta1.1)
      activemodel (= 5.0.0.beta1.1)
      activesupport (= 5.0.0.beta1.1)
      arel (~> 7.0)
    activesupport (5.0.0.beta1.1)
      concurrent-ruby (~> 1.0)
      i18n (~> 0.7)
      json (~> 1.7, >= 1.7.7)
      method_source
      minitest (~> 5.1)
      tzinfo (~> 1.1)
    rails (5.0.0.beta1.1)
      actioncable (= 5.0.0.beta1.1)
      actionmailer (= 5.0.0.beta1.1)
      actionpack (= 5.0.0.beta1.1)
      actionview (= 5.0.0.beta1.1)
      activejob (= 5.0.0.beta1.1)
      activemodel (= 5.0.0.beta1.1)
      activerecord (= 5.0.0.beta1.1)
      activesupport (= 5.0.0.beta1.1)
      bundler (>= 1.3.0, < 2.0)
      railties (= 5.0.0.beta1.1)
      sprockets-rails (>= 2.0.0)
    railties (5.0.0.beta1.1)
      actionpack (= 5.0.0.beta1.1)
      activesupport (= 5.0.0.beta1.1)
      method_source
      rake (>= 0.8.7)
      thor (>= 0.18.1, < 2.0)

GEM
  remote: https://rubygems.org/
  specs:
    autoprefixer-rails (6.3.1)
      execjs
      json
    bcrypt (3.1.10)
    bootstrap-sass (3.3.6)
      autoprefixer-rails (>= 5.2.1)
      sass (>= 3.3.4)
    builder (3.2.2)
    byebug (8.2.1)
    celluloid (0.17.3)
      celluloid-essentials
      celluloid-extras
      celluloid-fsm
      celluloid-pool
      celluloid-supervision
      timers (>= 4.1.1)
    celluloid-essentials (0.20.5)
      timers (>= 4.1.1)
    celluloid-extras (0.20.5)
      timers (>= 4.1.1)
    celluloid-fsm (0.20.5)
      timers (>= 4.1.1)
    celluloid-pool (0.20.5)
      timers (>= 4.1.1)
    celluloid-supervision (0.20.5)
      timers (>= 4.1.1)
    coderay (1.1.0)
    coffee-rails (4.1.1)
      coffee-script (>= 2.2.0)
      railties (>= 4.0.0, < 5.1.x)
    coffee-script (2.4.1)
      coffee-script-source
      execjs
    coffee-script-source (1.10.0)
    concurrent-ruby (1.0.0)
    daemons (1.2.3)
    debug_inspector (0.0.2)
    erubis (2.7.0)
    eventmachine (1.0.9.1)
    execjs (2.6.0)
    ffi (1.9.10)
    formatador (0.2.5)
    globalid (0.3.6)
      activesupport (>= 4.1.0)
    guard (2.13.0)
      formatador (>= 0.2.4)
      listen (>= 2.7, <= 4.0)
      lumberjack (~> 1.0)
      nenv (~> 0.1)
      notiffany (~> 0.0)
      pry (>= 0.9.12)
      shellany (~> 0.0)
      thor (>= 0.18.1)
    guard-compat (1.2.1)
    guard-minitest (2.4.4)
      guard-compat (~> 1.2)
      minitest (>= 3.0)
    hitimes (1.2.3)
    i18n (0.7.0)
    json (1.8.3)
    jwt (1.5.2)
    listen (3.0.5)
      rb-fsevent (>= 0.9.3)
      rb-inotify (>= 0.9)
    loofah (2.0.3)
      nokogiri (>= 1.5.9)
    lumberjack (1.0.10)
    mail (2.6.3)
      mime-types (>= 1.16, < 3)
    metaclass (0.0.4)
    method_source (0.8.2)
    mime-types (2.99)
    mini_portile2 (2.0.0)
    minitest (5.8.4)
    mocha (1.1.0)
      metaclass (~> 0.0.1)
    multi_json (1.11.2)
    nenv (0.2.0)
    nio4r (1.2.0)
    nokogiri (1.6.7.2)
      mini_portile2 (~> 2.0.0.rc2)
    notiffany (0.0.8)
      nenv (~> 0.1)
      shellany (~> 0.0)
    pg (0.18.4)
    pry (0.10.3)
      coderay (~> 1.1.0)
      method_source (~> 0.8.1)
      slop (~> 3.4)
    rack-test (0.6.3)
      rack (>= 1.0)
    rails-controller-testing (0.0.3)
      rails (>= 4.2)
    rails-deprecated_sanitizer (1.0.3)
      activesupport (>= 4.2.0.alpha)
    rails-dom-testing (1.0.7)
      activesupport (>= 4.2.0.beta, < 5.0)
      nokogiri (~> 1.6.0)
      rails-deprecated_sanitizer (>= 1.0.1)
    rails-html-sanitizer (1.0.3)
      loofah (~> 2.0)
    rake (10.5.0)
    rb-fsevent (0.9.7)
    rb-inotify (0.9.5)
      ffi (>= 0.5.0)
    sass (3.4.21)
    shellany (0.0.1)
    slop (3.6.0)
    spring (1.6.2)
    sprockets (3.5.2)
      concurrent-ruby (~> 1.0)
      rack (> 1, < 3)
    sprockets-rails (3.0.0)
      actionpack (>= 4.0)
      activesupport (>= 4.0)
      sprockets (>= 3.0.0)
    sucker_punch (1.6.0)
      celluloid (~> 0.17.2)
    thin (1.6.2)
      daemons (>= 1.0.9)
      eventmachine (>= 1.0.0)
      rack (>= 1.0.0)
    thor (0.19.1)
    thread_safe (0.3.5)
    timers (4.1.1)
      hitimes
    turbolinks (2.5.3)
      coffee-rails
    twilio-ruby (4.9.0)
      builder (>= 2.1.2)
      jwt (~> 1.0)
      multi_json (>= 1.3.0)
    tzinfo (1.2.2)
      thread_safe (~> 0.1)
    uglifier (2.7.2)
      execjs (>= 0.3.0)
      json (>= 1.8.0)
    web-console (3.0.0)
      activemodel (>= 4.2)
      debug_inspector
      railties (>= 4.2)
    websocket-driver (0.6.3)
      websocket-extensions (>= 0.1.0)
    websocket-extensions (0.1.2)

PLATFORMS
  ruby

DEPENDENCIES
  arel!
  bcrypt
  bootstrap-sass
  byebug
  coffee-rails (~> 4.1.0)
  guard
  guard-minitest
  mocha
  pg
  rack!
  rails!
  rails-controller-testing
  rake
  spring
  sucker_punch
  thin
  turbolinks
  twilio-ruby
  uglifier (>= 1.3.0)
  web-console
  wicked_pdf!
  will_paginate!

BUNDLED WITH
   1.10.6
